
Microsoft Visual Studio Solution File, Format Version 12.00
# Visual Studio Version 16
VisualStudioVersion = 16.0.33801.447
MinimumVisualStudioVersion = 10.0.40219.1
Project("{D2ABAB84-BF74-430A-B69E-9DC6D40DDA17}") = "simonediluna_SSAS_DB", "simonediluna_SSAS_DB\simonediluna_SSAS_DB.dwproj", "{F1C93132-8265-4A8E-AA75-49BB9912009E}"
EndProject
Global
	GlobalSection(SolutionConfigurationPlatforms) = preSolution
		Development|Default = Development|Default
	EndGlobalSection
	GlobalSection(ProjectConfigurationPlatforms) = postSolution
		{F1C93132-8265-4A8E-AA75-49BB9912009E}.Development|Default.ActiveCfg = Development
		{F1C93132-8265-4A8E-AA75-49BB9912009E}.Development|Default.Build.0 = Development
		{F1C93132-8265-4A8E-AA75-49BB9912009E}.Development|Default.Deploy.0 = Development
	EndGlobalSection
	GlobalSection(SolutionProperties) = preSolution
		HideSolutionNode = FALSE
	EndGlobalSection
	GlobalSection(ExtensibilityGlobals) = postSolution
		SolutionGuid = {E3C38AEF-18C9-42A4-B504-F8E330266C20}
	EndGlobalSection
EndGlobal
